PODS:
  - Flutter (1.0.0)
  - shanyan (1.0.6):
    - Flutter

DEPENDENCIES:
  - Flutter (from `Flutter`)
  - shanyan (from `.symlinks/plugins/shanyan/ios`)

EXTERNAL SOURCES:
  Flutter:
    :path: Flutter
  shanyan:
    :path: ".symlinks/plugins/shanyan/ios"

SPEC CHECKSUMS:
  Flutter: 50d75fe2f02b26cc09d224853bb45737f8b3214a
  shanyan: ac6277f83f10940563cfb6647a952be17636eafc

PODFILE CHECKSUM: 8e679eca47255a8ca8067c4c67aab20e64cb974d

COCOAPODS: 1.11.2
